
Microsoft Visual Studio Solution File, Format Version 12.00
# Visual Studio Version 16
VisualStudioVersion = 16.0.30611.23
MinimumVisualStudioVersion = 10.0.40219.1
Project("{FAE04EC0-301F-11D3-BF4B-00C04F79EFBC}") = "BussinessLogic", "BussinessLogic\BussinessLogic.csproj", "{F65E1639-EA28-4320-8CED-5D02106677CC}"
EndProject
Project("{FAE04EC0-301F-11D3-BF4B-00C04F79EFBC}") = "DataAccess", "DataAccess\DataAccess.csproj", "{94BF6268-EFE8-4A09-AF56-F73C6EC6D4B4}"
EndProject
Project("{FAE04EC0-301F-11D3-BF4B-00C04F79EFBC}") = "Entities", "Entities\Entities.csproj", "{9389E142-CF38-4FC3-A1A0-F086B853D432}"
EndProject
Project("{FAE04EC0-301F-11D3-BF4B-00C04F79EFBC}") = "WebApp", "WebApp\WebApp.csproj", "{2F20AFC0-634E-43F8-8281-842A07CCBDD6}"
EndProject
Global
	GlobalSection(SolutionConfigurationPlatforms) = preSolution
		Debug|Any CPU = Debug|Any CPU
		Release|Any CPU = Release|Any CPU
	EndGlobalSection
	GlobalSection(ProjectConfigurationPlatforms) = postSolution
		{F65E1639-EA28-4320-8CED-5D02106677CC}.Debug|Any CPU.ActiveCfg = Debug|Any CPU
		{F65E1639-EA28-4320-8CED-5D02106677CC}.Debug|Any CPU.Build.0 = Debug|Any CPU
		{F65E1639-EA28-4320-8CED-5D02106677CC}.Release|Any CPU.ActiveCfg = Release|Any CPU
		{F65E1639-EA28-4320-8CED-5D02106677CC}.Release|Any CPU.Build.0 = Release|Any CPU
		{94BF6268-EFE8-4A09-AF56-F73C6EC6D4B4}.Debug|Any CPU.ActiveCfg = Debug|Any CPU
		{94BF6268-EFE8-4A09-AF56-F73C6EC6D4B4}.Debug|Any CPU.Build.0 = Debug|Any CPU
		{94BF6268-EFE8-4A09-AF56-F73C6EC6D4B4}.Release|Any CPU.ActiveCfg = Release|Any CPU
		{94BF6268-EFE8-4A09-AF56-F73C6EC6D4B4}.Release|Any CPU.Build.0 = Release|Any CPU
		{9389E142-CF38-4FC3-A1A0-F086B853D432}.Debug|Any CPU.ActiveCfg = Debug|Any CPU
		{9389E142-CF38-4FC3-A1A0-F086B853D432}.Debug|Any CPU.Build.0 = Debug|Any CPU
		{9389E142-CF38-4FC3-A1A0-F086B853D432}.Release|Any CPU.ActiveCfg = Release|Any CPU
		{9389E142-CF38-4FC3-A1A0-F086B853D432}.Release|Any CPU.Build.0 = Release|Any CPU
		{2F20AFC0-634E-43F8-8281-842A07CCBDD6}.Debug|Any CPU.ActiveCfg = Debug|Any CPU
		{2F20AFC0-634E-43F8-8281-842A07CCBDD6}.Debug|Any CPU.Build.0 = Debug|Any CPU
		{2F20AFC0-634E-43F8-8281-842A07CCBDD6}.Release|Any CPU.ActiveCfg = Release|Any CPU
		{2F20AFC0-634E-43F8-8281-842A07CCBDD6}.Release|Any CPU.Build.0 = Release|Any CPU
	EndGlobalSection
	GlobalSection(SolutionProperties) = preSolution
		HideSolutionNode = FALSE
	EndGlobalSection
	GlobalSection(ExtensibilityGlobals) = postSolution
		SolutionGuid = {9468015D-C7F2-425F-B6C7-6520CE7AC1B2}
	EndGlobalSection
EndGlobal
