
Microsoft Visual Studio Solution File, Format Version 12.00
# Visual Studio Version 16
VisualStudioVersion = 16.0.30611.23
MinimumVisualStudioVersion = 10.0.40219.1
Project("{FAE04EC0-301F-11D3-BF4B-00C04F79EFBC}") = "Gamechat", "Gamechat\Gamechat.csproj", "{0A73A650-F4D1-49E9-BBEE-93B6877B9E23}"
EndProject
Global
	GlobalSection(SolutionConfigurationPlatforms) = preSolution
		Debug|Any CPU = Debug|Any CPU
		Release|Any CPU = Release|Any CPU
	EndGlobalSection
	GlobalSection(ProjectConfigurationPlatforms) = postSolution
		{0A73A650-F4D1-49E9-BBEE-93B6877B9E23}.Debug|Any CPU.ActiveCfg = Debug|Any CPU
		{0A73A650-F4D1-49E9-BBEE-93B6877B9E23}.Debug|Any CPU.Build.0 = Debug|Any CPU
		{0A73A650-F4D1-49E9-BBEE-93B6877B9E23}.Release|Any CPU.ActiveCfg = Release|Any CPU
		{0A73A650-F4D1-49E9-BBEE-93B6877B9E23}.Release|Any CPU.Build.0 = Release|Any CPU
	EndGlobalSection
	GlobalSection(SolutionProperties) = preSolution
		HideSolutionNode = FALSE
	EndGlobalSection
	GlobalSection(ExtensibilityGlobals) = postSolution
		SolutionGuid = {51F40515-5CB7-4540-BE38-594C059AC1EF}
	EndGlobalSection
EndGlobal
