
Microsoft Visual Studio Solution File, Format Version 12.00
# Visual Studio Version 16
VisualStudioVersion = 16.0.30611.23
MinimumVisualStudioVersion = 10.0.40219.1
Project("{FAE04EC0-301F-11D3-BF4B-00C04F79EFBC}") = "WebApplication", "WebApplication\WebApplication.csproj", "{D7DAAAB1-F394-4014-AB52-32B8A68B2213}"
EndProject
Global
	GlobalSection(SolutionConfigurationPlatforms) = preSolution
		Debug|Any CPU = Debug|Any CPU
		Release|Any CPU = Release|Any CPU
	EndGlobalSection
	GlobalSection(ProjectConfigurationPlatforms) = postSolution
		{D7DAAAB1-F394-4014-AB52-32B8A68B2213}.Debug|Any CPU.ActiveCfg = Debug|Any CPU
		{D7DAAAB1-F394-4014-AB52-32B8A68B2213}.Debug|Any CPU.Build.0 = Debug|Any CPU
		{D7DAAAB1-F394-4014-AB52-32B8A68B2213}.Release|Any CPU.ActiveCfg = Release|Any CPU
		{D7DAAAB1-F394-4014-AB52-32B8A68B2213}.Release|Any CPU.Build.0 = Release|Any CPU
	EndGlobalSection
	GlobalSection(SolutionProperties) = preSolution
		HideSolutionNode = FALSE
	EndGlobalSection
	GlobalSection(ExtensibilityGlobals) = postSolution
		SolutionGuid = {AD1DAB7F-30E7-4E09-8C1A-DE27AF24AE95}
	EndGlobalSection
EndGlobal
